// !$*UTF8*$!
{
	archiveVersion = 1;
	classes = {
	};
	objectVersion = 56;
	objects = {

/* Begin PBXBuildFile section */
		C953DCC92BF88A9800A9315A /* Meninet.xcdatamodeld in Sources */ = {isa = PBXBuildFile; fileRef = C953DCC72BF88A9800A9315A /* Meninet.xcdatamodeld */; };
		C96A6D272BFA0AD700C6128D /* PieSlice.swift in Sources */ = {isa = PBXBuildFile; fileRef = C96A6D262BFA0AD700C6128D /* PieSlice.swift */; };
		C96A6D2A2BFA0B0100C6128D /* PieChart.swift in Sources */ = {isa = PBXBuildFile; fileRef = C96A6D292BFA0B0100C6128D /* PieChart.swift */; };
		C96A6D2C2BFA100E00C6128D /* ForgotPasswordView.swift in Sources */ = {isa = PBXBuildFile; fileRef = C96A6D2B2BFA100E00C6128D /* ForgotPasswordView.swift */; };
		C96E3ED12BF6038500CBEE68 /* MeninetApp.swift in Sources */ = {isa = PBXBuildFile; fileRef = C96E3ED02BF6038500CBEE68 /* MeninetApp.swift */; };
		C96E3ED32BF6038500CBEE68 /* ContentView.swift in Sources */ = {isa = PBXBuildFile; fileRef = C96E3ED22BF6038500CBEE68 /* ContentView.swift */; };
		C96E3ED52BF6038600CBEE68 /* Assets.xcassets in Resources */ = {isa = PBXBuildFile; fileRef = C96E3ED42BF6038600CBEE68 /* Assets.xcassets */; };
		C96E3ED82BF6038600CBEE68 /* Preview Assets.xcassets in Resources */ = {isa = PBXBuildFile; fileRef = C96E3ED72BF6038600CBEE68 /* Preview Assets.xcassets */; };
		C96E3EDF2BF6F7D400CBEE68 /* MainView.swift in Sources */ = {isa = PBXBuildFile; fileRef = C96E3EDE2BF6F7D400CBEE68 /* MainView.swift */; };
		C96E3EE12BF6F85A00CBEE68 /* RegistrationFormView.swift in Sources */ = {isa = PBXBuildFile; fileRef = C96E3EE02BF6F85A00CBEE68 /* RegistrationFormView.swift */; };
		C96E3EE32BF6F89C00CBEE68 /* StatisticsView.swift in Sources */ = {isa = PBXBuildFile; fileRef = C96E3EE22BF6F89C00CBEE68 /* StatisticsView.swift */; };
		C96E3EE52BF6F91300CBEE68 /* LoginView.swift in Sources */ = {isa = PBXBuildFile; fileRef = C96E3EE42BF6F91300CBEE68 /* LoginView.swift */; };
		C99FC7132BF73166003BFBDF /* User.swift in Sources */ = {isa = PBXBuildFile; fileRef = C99FC7122BF73166003BFBDF /* User.swift */; };
		C99FC7152BF733FD003BFBDF /* ImagePicker.swift in Sources */ = {isa = PBXBuildFile; fileRef = C99FC7142BF733FD003BFBDF /* ImagePicker.swift */; };
		C9F23C532BF8BE4E00007843 /* RegisteredUser+CoreDataClass.swift in Sources */ = {isa = PBXBuildFile; fileRef = C9F23C512BF8BE4E00007843 /* RegisteredUser+CoreDataClass.swift */; };
		C9F23C542BF8BE4E00007843 /* RegisteredUser+CoreDataProperties.swift in Sources */ = {isa = PBXBuildFile; fileRef = C9F23C522BF8BE4E00007843 /* RegisteredUser+CoreDataProperties.swift */; };
		C9F23C562BF8C05E00007843 /* UserDetailView.swift in Sources */ = {isa = PBXBuildFile; fileRef = C9F23C552BF8C05E00007843 /* UserDetailView.swift */; };
		C9F23C582BF8CB9A00007843 /* SettingsView.swift in Sources */ = {isa = PBXBuildFile; fileRef = C9F23C572BF8CB9A00007843 /* SettingsView.swift */; };
		C9F23C5A2BF8CBA900007843 /* LogoutView.swift in Sources */ = {isa = PBXBuildFile; fileRef = C9F23C592BF8CBA900007843 /* LogoutView.swift */; };
		C9F23C5C2BF8CF3400007843 /* UserSearchView.swift in Sources */ = {isa = PBXBuildFile; fileRef = C9F23C5B2BF8CF3400007843 /* UserSearchView.swift */; };
		C9F23C5E2BF8CFEC00007843 /* SearchBar.swift in Sources */ = {isa = PBXBuildFile; fileRef = C9F23C5D2BF8CFEC00007843 /* SearchBar.swift */; };
		C9F23C602BF8D14300007843 /* UIApplication+Extension.swift in Sources */ = {isa = PBXBuildFile; fileRef = C9F23C5F2BF8D14300007843 /* UIApplication+Extension.swift */; };
		C9F23C622BF8DD7E00007843 /* HelpView.swift in Sources */ = {isa = PBXBuildFile; fileRef = C9F23C612BF8DD7E00007843 /* HelpView.swift */; };
		C9F23C692BF9DC5200007843 /* Service+CoreDataClass.swift in Sources */ = {isa = PBXBuildFile; fileRef = C9F23C672BF9DC5200007843 /* Service+CoreDataClass.swift */; };
		C9F23C6A2BF9DC5200007843 /* Service+CoreDataProperties.swift in Sources */ = {isa = PBXBuildFile; fileRef = C9F23C682BF9DC5200007843 /* Service+CoreDataProperties.swift */; };
		C9F23C6C2BF9E2A300007843 /* RegisteredUsersListView.swift in Sources */ = {isa = PBXBuildFile; fileRef = C9F23C6B2BF9E2A300007843 /* RegisteredUsersListView.swift */; };
		C9F23C6E2BF9E33D00007843 /* RegisterTabView.swift in Sources */ = {isa = PBXBuildFile; fileRef = C9F23C6D2BF9E33D00007843 /* RegisterTabView.swift */; };
		C9F23C702BF9E4B100007843 /* RegisterView.swift in Sources */ = {isa = PBXBuildFile; fileRef = C9F23C6F2BF9E4B100007843 /* RegisterView.swift */; };
		C9F23C722BF9EEEB00007843 /* ChangePasswordView.swift in Sources */ = {isa = PBXBuildFile; fileRef = C9F23C712BF9EEEB00007843 /* ChangePasswordView.swift */; };
		C9F23C742BF9EFA700007843 /* MySessionView.swift in Sources */ = {isa = PBXBuildFile; fileRef = C9F23C732BF9EFA700007843 /* MySessionView.swift */; };
		C9F23C762BF9F50500007843 /* EditUserView.swift in Sources */ = {isa = PBXBuildFile; fileRef = C9F23C752BF9F50500007843 /* EditUserView.swift */; };
/* End PBXBuildFile section */

/* Begin PBXFileReference section */
		C953DCC62BF76D7D00A9315A /* Info.plist */ = {isa = PBXFileReference; lastKnownFileType = text.plist; path = Info.plist; sourceTree = "<group>"; };
		C953DCC82BF88A9800A9315A /* Meninet.xcdatamodel */ = {isa = PBXFileReference; lastKnownFileType = wrapper.xcdatamodel; path = Meninet.xcdatamodel; sourceTree = "<group>"; };
		C96A6D262BFA0AD700C6128D /* PieSlice.swift */ = {isa = PBXFileReference; lastKnownFileType = sourcecode.swift; path = PieSlice.swift; sourceTree = "<group>"; };
		C96A6D292BFA0B0100C6128D /* PieChart.swift */ = {isa = PBXFileReference; lastKnownFileType = sourcecode.swift; path = PieChart.swift; sourceTree = "<group>"; };
		C96A6D2B2BFA100E00C6128D /* ForgotPasswordView.swift */ = {isa = PBXFileReference; lastKnownFileType = sourcecode.swift; path = ForgotPasswordView.swift; sourceTree = "<group>"; };
		C96E3ECD2BF6038500CBEE68 /* Meninet.app */ = {isa = PBXFileReference; explicitFileType = wrapper.application; includeInIndex = 0; path = Meninet.app; sourceTree = BUILT_PRODUCTS_DIR; };
		C96E3ED02BF6038500CBEE68 /* MeninetApp.swift */ = {isa = PBXFileReference; lastKnownFileType = sourcecode.swift; path = MeninetApp.swift; sourceTree = "<group>"; };
		C96E3ED22BF6038500CBEE68 /* ContentView.swift */ = {isa = PBXFileReference; lastKnownFileType = sourcecode.swift; path = ContentView.swift; sourceTree = "<group>"; };
		C96E3ED42BF6038600CBEE68 /* Assets.xcassets */ = {isa = PBXFileReference; lastKnownFileType = folder.assetcatalog; path = Assets.xcassets; sourceTree = "<group>"; };
		C96E3ED72BF6038600CBEE68 /* Preview Assets.xcassets */ = {isa = PBXFileReference; lastKnownFileType = folder.assetcatalog; path = "Preview Assets.xcassets"; sourceTree = "<group>"; };
		C96E3EDE2BF6F7D400CBEE68 /* MainView.swift */ = {isa = PBXFileReference; lastKnownFileType = sourcecode.swift; path = MainView.swift; sourceTree = "<group>"; };
		C96E3EE02BF6F85A00CBEE68 /* RegistrationFormView.swift */ = {isa = PBXFileReference; lastKnownFileType = sourcecode.swift; path = RegistrationFormView.swift; sourceTree = "<group>"; };
		C96E3EE22BF6F89C00CBEE68 /* StatisticsView.swift */ = {isa = PBXFileReference; lastKnownFileType = sourcecode.swift; path = StatisticsView.swift; sourceTree = "<group>"; };
		C96E3EE42BF6F91300CBEE68 /* LoginView.swift */ = {isa = PBXFileReference; lastKnownFileType = sourcecode.swift; path = LoginView.swift; sourceTree = "<group>"; };
		C99FC7122BF73166003BFBDF /* User.swift */ = {isa = PBXFileReference; lastKnownFileType = sourcecode.swift; path = User.swift; sourceTree = "<group>"; };
		C99FC7142BF733FD003BFBDF /* ImagePicker.swift */ = {isa = PBXFileReference; lastKnownFileType = sourcecode.swift; path = ImagePicker.swift; sourceTree = "<group>"; };
		C9F23C512BF8BE4E00007843 /* RegisteredUser+CoreDataClass.swift */ = {isa = PBXFileReference; lastKnownFileType = sourcecode.swift; path = "RegisteredUser+CoreDataClass.swift"; sourceTree = "<group>"; };
		C9F23C522BF8BE4E00007843 /* RegisteredUser+CoreDataProperties.swift */ = {isa = PBXFileReference; lastKnownFileType = sourcecode.swift; path = "RegisteredUser+CoreDataProperties.swift"; sourceTree = "<group>"; };
		C9F23C552BF8C05E00007843 /* UserDetailView.swift */ = {isa = PBXFileReference; lastKnownFileType = sourcecode.swift; path = UserDetailView.swift; sourceTree = "<group>"; };
		C9F23C572BF8CB9A00007843 /* SettingsView.swift */ = {isa = PBXFileReference; lastKnownFileType = sourcecode.swift; path = SettingsView.swift; sourceTree = "<group>"; };
		C9F23C592BF8CBA900007843 /* LogoutView.swift */ = {isa = PBXFileReference; lastKnownFileType = sourcecode.swift; path = LogoutView.swift; sourceTree = "<group>"; };
		C9F23C5B2BF8CF3400007843 /* UserSearchView.swift */ = {isa = PBXFileReference; lastKnownFileType = sourcecode.swift; path = UserSearchView.swift; sourceTree = "<group>"; };
		C9F23C5D2BF8CFEC00007843 /* SearchBar.swift */ = {isa = PBXFileReference; lastKnownFileType = sourcecode.swift; path = SearchBar.swift; sourceTree = "<group>"; };
		C9F23C5F2BF8D14300007843 /* UIApplication+Extension.swift */ = {isa = PBXFileReference; lastKnownFileType = sourcecode.swift; path = "UIApplication+Extension.swift"; sourceTree = "<group>"; };
		C9F23C612BF8DD7E00007843 /* HelpView.swift */ = {isa = PBXFileReference; lastKnownFileType = sourcecode.swift; path = HelpView.swift; sourceTree = "<group>"; };
		C9F23C672BF9DC5200007843 /* Service+CoreDataClass.swift */ = {isa = PBXFileReference; lastKnownFileType = sourcecode.swift; path = "Service+CoreDataClass.swift"; sourceTree = "<group>"; };
		C9F23C682BF9DC5200007843 /* Service+CoreDataProperties.swift */ = {isa = PBXFileReference; lastKnownFileType = sourcecode.swift; path = "Service+CoreDataProperties.swift"; sourceTree = "<group>"; };
		C9F23C6B2BF9E2A300007843 /* RegisteredUsersListView.swift */ = {isa = PBXFileReference; lastKnownFileType = sourcecode.swift; path = RegisteredUsersListView.swift; sourceTree = "<group>"; };
		C9F23C6D2BF9E33D00007843 /* RegisterTabView.swift */ = {isa = PBXFileReference; lastKnownFileType = sourcecode.swift; path = RegisterTabView.swift; sourceTree = "<group>"; };
		C9F23C6F2BF9E4B100007843 /* RegisterView.swift */ = {isa = PBXFileReference; lastKnownFileType = sourcecode.swift; path = RegisterView.swift; sourceTree = "<group>"; };
		C9F23C712BF9EEEB00007843 /* ChangePasswordView.swift */ = {isa = PBXFileReference; lastKnownFileType = sourcecode.swift; path = ChangePasswordView.swift; sourceTree = "<group>"; };
		C9F23C732BF9EFA700007843 /* MySessionView.swift */ = {isa = PBXFileReference; lastKnownFileType = sourcecode.swift; path = MySessionView.swift; sourceTree = "<group>"; };
		C9F23C752BF9F50500007843 /* EditUserView.swift */ = {isa = PBXFileReference; lastKnownFileType = sourcecode.swift; path = EditUserView.swift; sourceTree = "<group>"; };
/* End PBXFileReference section */

/* Begin PBXFrameworksBuildPhase section */
		C96E3ECA2BF6038500CBEE68 /* Frameworks */ = {
			isa = PBXFrameworksBuildPhase;
			buildActionMask = 2147483647;
			files = (
			);
			runOnlyForDeploymentPostprocessing = 0;
		};
/* End PBXFrameworksBuildPhase section */

/* Begin PBXGroup section */
		C96A6D282BFA0ADB00C6128D /* PieChart */ = {
			isa = PBXGroup;
			children = (
				C96A6D262BFA0AD700C6128D /* PieSlice.swift */,
				C96A6D292BFA0B0100C6128D /* PieChart.swift */,
			);
			path = PieChart;
			sourceTree = "<group>";
		};
		C96E3EC42BF6038500CBEE68 = {
			isa = PBXGroup;
			children = (
				C9F23C672BF9DC5200007843 /* Service+CoreDataClass.swift */,
				C9F23C682BF9DC5200007843 /* Service+CoreDataProperties.swift */,
				C9F23C512BF8BE4E00007843 /* RegisteredUser+CoreDataClass.swift */,
				C9F23C522BF8BE4E00007843 /* RegisteredUser+CoreDataProperties.swift */,
				C96E3ECF2BF6038500CBEE68 /* Meninet */,
				C96E3ECE2BF6038500CBEE68 /* Products */,
			);
			sourceTree = "<group>";
		};
		C96E3ECE2BF6038500CBEE68 /* Products */ = {
			isa = PBXGroup;
			children = (
				C96E3ECD2BF6038500CBEE68 /* Meninet.app */,
			);
			name = Products;
			sourceTree = "<group>";
		};
		C96E3ECF2BF6038500CBEE68 /* Meninet */ = {
			isa = PBXGroup;
			children = (
				C953DCC62BF76D7D00A9315A /* Info.plist */,
				C96E3ED02BF6038500CBEE68 /* MeninetApp.swift */,
				C96E3EDE2BF6F7D400CBEE68 /* MainView.swift */,
				C9F23C6D2BF9E33D00007843 /* RegisterTabView.swift */,
				C9F23C6F2BF9E4B100007843 /* RegisterView.swift */,
				C96E3EE42BF6F91300CBEE68 /* LoginView.swift */,
				C96A6D2B2BFA100E00C6128D /* ForgotPasswordView.swift */,
				C9F23C612BF8DD7E00007843 /* HelpView.swift */,
				C99FC7122BF73166003BFBDF /* User.swift */,
				C96E3EE02BF6F85A00CBEE68 /* RegistrationFormView.swift */,
				C9F23C6B2BF9E2A300007843 /* RegisteredUsersListView.swift */,
				C96E3ED22BF6038500CBEE68 /* ContentView.swift */,
				C96E3EE22BF6F89C00CBEE68 /* StatisticsView.swift */,
				C9F23C5B2BF8CF3400007843 /* UserSearchView.swift */,
				C9F23C5D2BF8CFEC00007843 /* SearchBar.swift */,
				C9F23C572BF8CB9A00007843 /* SettingsView.swift */,
				C9F23C732BF9EFA700007843 /* MySessionView.swift */,
				C9F23C712BF9EEEB00007843 /* ChangePasswordView.swift */,
				C9F23C552BF8C05E00007843 /* UserDetailView.swift */,
				C9F23C752BF9F50500007843 /* EditUserView.swift */,
				C9F23C592BF8CBA900007843 /* LogoutView.swift */,
				C9F23C5F2BF8D14300007843 /* UIApplication+Extension.swift */,
				C96E3ED42BF6038600CBEE68 /* Assets.xcassets */,
				C96E3ED62BF6038600CBEE68 /* Preview Content */,
				C96A6D282BFA0ADB00C6128D /* PieChart */,
			);
			path = Meninet;
			sourceTree = "<group>";
		};
		C96E3ED62BF6038600CBEE68 /* Preview Content */ = {
			isa = PBXGroup;
			children = (
				C96E3ED72BF6038600CBEE68 /* Preview Assets.xcassets */,
				C99FC7142BF733FD003BFBDF /* ImagePicker.swift */,
				C953DCC72BF88A9800A9315A /* Meninet.xcdatamodeld */,
			);
			path = "Preview Content";
			sourceTree = "<group>";
		};
/* End PBXGroup section */

/* Begin PBXNativeTarget section */
		C96E3ECC2BF6038500CBEE68 /* Meninet */ = {
			isa = PBXNativeTarget;
			buildConfigurationList = C96E3EDB2BF6038600CBEE68 /* Build configuration list for PBXNativeTarget "Meninet" */;
			buildPhases = (
				C96E3EC92BF6038500CBEE68 /* Sources */,
				C96E3ECA2BF6038500CBEE68 /* Frameworks */,
				C96E3ECB2BF6038500CBEE68 /* Resources */,
			);
			buildRules = (
			);
			dependencies = (
			);
			name = Meninet;
			productName = Meninet;
			productReference = C96E3ECD2BF6038500CBEE68 /* Meninet.app */;
			productType = "com.apple.product-type.application";
		};
/* End PBXNativeTarget section */

/* Begin PBXProject section */
		C96E3EC52BF6038500CBEE68 /* Project object */ = {
			isa = PBXProject;
			attributes = {
				BuildIndependentTargetsInParallel = 1;
				LastSwiftUpdateCheck = 1540;
				LastUpgradeCheck = 1540;
				TargetAttributes = {
					C96E3ECC2BF6038500CBEE68 = {
						CreatedOnToolsVersion = 15.4;
					};
				};
			};
			buildConfigurationList = C96E3EC82BF6038500CBEE68 /* Build configuration list for PBXProject "Meninet" */;
			compatibilityVersion = "Xcode 14.0";
			developmentRegion = en;
			hasScannedForEncodings = 0;
			knownRegions = (
				en,
				Base,
			);
			mainGroup = C96E3EC42BF6038500CBEE68;
			productRefGroup = C96E3ECE2BF6038500CBEE68 /* Products */;
			projectDirPath = "";
			projectRoot = "";
			targets = (
				C96E3ECC2BF6038500CBEE68 /* Meninet */,
			);
		};
/* End PBXProject section */

/* Begin PBXResourcesBuildPhase section */
		C96E3ECB2BF6038500CBEE68 /* Resources */ = {
			isa = PBXResourcesBuildPhase;
			buildActionMask = 2147483647;
			files = (
				C96E3ED82BF6038600CBEE68 /* Preview Assets.xcassets in Resources */,
				C96E3ED52BF6038600CBEE68 /* Assets.xcassets in Resources */,
			);
			runOnlyForDeploymentPostprocessing = 0;
		};
/* End PBXResourcesBuildPhase section */

/* Begin PBXSourcesBuildPhase section */
		C96E3EC92BF6038500CBEE68 /* Sources */ = {
			isa = PBXSourcesBuildPhase;
			buildActionMask = 2147483647;
			files = (
				C96A6D272BFA0AD700C6128D /* PieSlice.swift in Sources */,
				C9F23C742BF9EFA700007843 /* MySessionView.swift in Sources */,
				C96E3EE52BF6F91300CBEE68 /* LoginView.swift in Sources */,
				C9F23C692BF9DC5200007843 /* Service+CoreDataClass.swift in Sources */,
				C9F23C6A2BF9DC5200007843 /* Service+CoreDataProperties.swift in Sources */,
				C96E3ED32BF6038500CBEE68 /* ContentView.swift in Sources */,
				C9F23C602BF8D14300007843 /* UIApplication+Extension.swift in Sources */,
				C953DCC92BF88A9800A9315A /* Meninet.xcdatamodeld in Sources */,
				C9F23C5C2BF8CF3400007843 /* UserSearchView.swift in Sources */,
				C96A6D2C2BFA100E00C6128D /* ForgotPasswordView.swift in Sources */,
				C9F23C722BF9EEEB00007843 /* ChangePasswordView.swift in Sources */,
				C96E3EE32BF6F89C00CBEE68 /* StatisticsView.swift in Sources */,
				C9F23C5E2BF8CFEC00007843 /* SearchBar.swift in Sources */,
				C9F23C702BF9E4B100007843 /* RegisterView.swift in Sources */,
				C9F23C562BF8C05E00007843 /* UserDetailView.swift in Sources */,
				C9F23C762BF9F50500007843 /* EditUserView.swift in Sources */,
				C96E3EDF2BF6F7D400CBEE68 /* MainView.swift in Sources */,
				C96E3ED12BF6038500CBEE68 /* MeninetApp.swift in Sources */,
				C96A6D2A2BFA0B0100C6128D /* PieChart.swift in Sources */,
				C9F23C532BF8BE4E00007843 /* RegisteredUser+CoreDataClass.swift in Sources */,
				C9F23C542BF8BE4E00007843 /* RegisteredUser+CoreDataProperties.swift in Sources */,
				C99FC7152BF733FD003BFBDF /* ImagePicker.swift in Sources */,
				C9F23C6E2BF9E33D00007843 /* RegisterTabView.swift in Sources */,
				C9F23C622BF8DD7E00007843 /* HelpView.swift in Sources */,
				C96E3EE12BF6F85A00CBEE68 /* RegistrationFormView.swift in Sources */,
				C99FC7132BF73166003BFBDF /* User.swift in Sources */,
				C9F23C5A2BF8CBA900007843 /* LogoutView.swift in Sources */,
				C9F23C582BF8CB9A00007843 /* SettingsView.swift in Sources */,
				C9F23C6C2BF9E2A300007843 /* RegisteredUsersListView.swift in Sources */,
			);
			runOnlyForDeploymentPostprocessing = 0;
		};
/* End PBXSourcesBuildPhase section */

/* Begin XCBuildConfiguration section */
		C96E3ED92BF6038600CBEE68 /* Debug */ = {
			isa = XCBuildConfiguration;
			buildSettings = {
				ALWAYS_SEARCH_USER_PATHS = NO;
				ASSETCATALOG_COMPILER_GENERATE_SWIFT_ASSET_SYMBOL_EXTENSIONS = YES;
				CLANG_ANALYZER_NONNULL = YES;
				CLANG_ANALYZER_NUMBER_OBJECT_CONVERSION = YES_AGGRESSIVE;
				CLANG_CXX_LANGUAGE_STANDARD = "gnu++20";
				CLANG_ENABLE_MODULES = YES;
				CLANG_ENABLE_OBJC_ARC = YES;
				CLANG_ENABLE_OBJC_WEAK = YES;
				CLANG_WARN_BLOCK_CAPTURE_AUTORELEASING = YES;
				CLANG_WARN_BOOL_CONVERSION = YES;
				CLANG_WARN_COMMA = YES;
				CLANG_WARN_CONSTANT_CONVERSION = YES;
				CLANG_WARN_DEPRECATED_OBJC_IMPLEMENTATIONS = YES;
				CLANG_WARN_DIRECT_OBJC_ISA_USAGE = YES_ERROR;
				CLANG_WARN_DOCUMENTATION_COMMENTS = YES;
				CLANG_WARN_EMPTY_BODY = YES;
				CLANG_WARN_ENUM_CONVERSION = YES;
				CLANG_WARN_INFINITE_RECURSION = YES;
				CLANG_WARN_INT_CONVERSION = YES;
				CLANG_WARN_NON_LITERAL_NULL_CONVERSION = YES;
				CLANG_WARN_OBJC_IMPLICIT_RETAIN_SELF = YES;
				CLANG_WARN_OBJC_LITERAL_CONVERSION = YES;
				CLANG_WARN_OBJC_ROOT_CLASS = YES_ERROR;
				CLANG_WARN_QUOTED_INCLUDE_IN_FRAMEWORK_HEADER = YES;
				CLANG_WARN_RANGE_LOOP_ANALYSIS = YES;
				CLANG_WARN_STRICT_PROTOTYPES = YES;
				CLANG_WARN_SUSPICIOUS_MOVE = YES;
				CLANG_WARN_UNGUARDED_AVAILABILITY = YES_AGGRESSIVE;
				CLANG_WARN_UNREACHABLE_CODE = YES;
				CLANG_WARN__DUPLICATE_METHOD_MATCH = YES;
				COPY_PHASE_STRIP = NO;
				DEBUG_INFORMATION_FORMAT = dwarf;
				ENABLE_STRICT_OBJC_MSGSEND = YES;
				ENABLE_TESTABILITY = YES;
				ENABLE_USER_SCRIPT_SANDBOXING = YES;
				GCC_C_LANGUAGE_STANDARD = gnu17;
				GCC_DYNAMIC_NO_PIC = NO;
				GCC_NO_COMMON_BLOCKS = YES;
				GCC_OPTIMIZATION_LEVEL = 0;
				GCC_PREPROCESSOR_DEFINITIONS = (
					"DEBUG=1",
					"$(inherited)",
				);
				GCC_WARN_64_TO_32_BIT_CONVERSION = YES;
				GCC_WARN_ABOUT_RETURN_TYPE = YES_ERROR;
				GCC_WARN_UNDECLARED_SELECTOR = YES;
				GCC_WARN_UNINITIALIZED_AUTOS = YES_AGGRESSIVE;
				GCC_WARN_UNUSED_FUNCTION = YES;
				GCC_WARN_UNUSED_VARIABLE = YES;
				IPHONEOS_DEPLOYMENT_TARGET = 17.5;
				LOCALIZATION_PREFERS_STRING_CATALOGS = YES;
				MTL_ENABLE_DEBUG_INFO = INCLUDE_SOURCE;
				MTL_FAST_MATH = YES;
				ONLY_ACTIVE_ARCH = YES;
				SDKROOT = iphoneos;
				SWIFT_ACTIVE_COMPILATION_CONDITIONS = "DEBUG $(inherited)";
				SWIFT_OPTIMIZATION_LEVEL = "-Onone";
			};
			name = Debug;
		};
		C96E3EDA2BF6038600CBEE68 /* Release */ = {
			isa = XCBuildConfiguration;
			buildSettings = {
				ALWAYS_SEARCH_USER_PATHS = NO;
				ASSETCATALOG_COMPILER_GENERATE_SWIFT_ASSET_SYMBOL_EXTENSIONS = YES;
				CLANG_ANALYZER_NONNULL = YES;
				CLANG_ANALYZER_NUMBER_OBJECT_CONVERSION = YES_AGGRESSIVE;
				CLANG_CXX_LANGUAGE_STANDARD = "gnu++20";
				CLANG_ENABLE_MODULES = YES;
				CLANG_ENABLE_OBJC_ARC = YES;
				CLANG_ENABLE_OBJC_WEAK = YES;
				CLANG_WARN_BLOCK_CAPTURE_AUTORELEASING = YES;
				CLANG_WARN_BOOL_CONVERSION = YES;
				CLANG_WARN_COMMA = YES;
				CLANG_WARN_CONSTANT_CONVERSION = YES;
				CLANG_WARN_DEPRECATED_OBJC_IMPLEMENTATIONS = YES;
				CLANG_WARN_DIRECT_OBJC_ISA_USAGE = YES_ERROR;
				CLANG_WARN_DOCUMENTATION_COMMENTS = YES;
				CLANG_WARN_EMPTY_BODY = YES;
				CLANG_WARN_ENUM_CONVERSION = YES;
				CLANG_WARN_INFINITE_RECURSION = YES;
				CLANG_WARN_INT_CONVERSION = YES;
				CLANG_WARN_NON_LITERAL_NULL_CONVERSION = YES;
				CLANG_WARN_OBJC_IMPLICIT_RETAIN_SELF = YES;
				CLANG_WARN_OBJC_LITERAL_CONVERSION = YES;
				CLANG_WARN_OBJC_ROOT_CLASS = YES_ERROR;
				CLANG_WARN_QUOTED_INCLUDE_IN_FRAMEWORK_HEADER = YES;
				CLANG_WARN_RANGE_LOOP_ANALYSIS = YES;
				CLANG_WARN_STRICT_PROTOTYPES = YES;
				CLANG_WARN_SUSPICIOUS_MOVE = YES;
				CLANG_WARN_UNGUARDED_AVAILABILITY = YES_AGGRESSIVE;
				CLANG_WARN_UNREACHABLE_CODE = YES;
				CLANG_WARN__DUPLICATE_METHOD_MATCH = YES;
				COPY_PHASE_STRIP = NO;
				DEBUG_INFORMATION_FORMAT = "dwarf-with-dsym";
				ENABLE_NS_ASSERTIONS = NO;
				ENABLE_STRICT_OBJC_MSGSEND = YES;
				ENABLE_USER_SCRIPT_SANDBOXING = YES;
				GCC_C_LANGUAGE_STANDARD = gnu17;
				GCC_NO_COMMON_BLOCKS = YES;
				GCC_WARN_64_TO_32_BIT_CONVERSION = YES;
				GCC_WARN_ABOUT_RETURN_TYPE = YES_ERROR;
				GCC_WARN_UNDECLARED_SELECTOR = YES;
				GCC_WARN_UNINITIALIZED_AUTOS = YES_AGGRESSIVE;
				GCC_WARN_UNUSED_FUNCTION = YES;
				GCC_WARN_UNUSED_VARIABLE = YES;
				IPHONEOS_DEPLOYMENT_TARGET = 17.5;
				LOCALIZATION_PREFERS_STRING_CATALOGS = YES;
				MTL_ENABLE_DEBUG_INFO = NO;
				MTL_FAST_MATH = YES;
				SDKROOT = iphoneos;
				SWIFT_COMPILATION_MODE = wholemodule;
				VALIDATE_PRODUCT = YES;
			};
			name = Release;
		};
		C96E3EDC2BF6038600CBEE68 /* Debug */ = {
			isa = XCBuildConfiguration;
			buildSettings = {
				ASSETCATALOG_COMPILER_APPICON_NAME = AppIcon;
				ASSETCATALOG_COMPILER_GLOBAL_ACCENT_COLOR_NAME = AccentColor;
				CODE_SIGN_STYLE = Automatic;
				CURRENT_PROJECT_VERSION = 1;
				DEVELOPMENT_ASSET_PATHS = "\"Meninet/Preview Content\"";
				DEVELOPMENT_TEAM = 696NP9FZMJ;
				ENABLE_PREVIEWS = YES;
				GENERATE_INFOPLIST_FILE = YES;
				INFOPLIST_FILE = Meninet/Info.plist;
				INFOPLIST_KEY_UIApplicationSceneManifest_Generation = YES;
				INFOPLIST_KEY_UIApplicationSupportsIndirectInputEvents = YES;
				INFOPLIST_KEY_UILaunchScreen_Generation = YES;
				INFOPLIST_KEY_UISupportedInterfaceOrientations_iPad = "UIInterfaceOrientationPortrait UIInterfaceOrientationPortraitUpsideDown UIInterfaceOrientationLandscapeLeft UIInterfaceOrientationLandscapeRight";
				INFOPLIST_KEY_UISupportedInterfaceOrientations_iPhone = "UIInterfaceOrientationPortrait UIInterfaceOrientationLandscapeLeft UIInterfaceOrientationLandscapeRight";
				LD_RUNPATH_SEARCH_PATHS = (
					"$(inherited)",
					"@executable_path/Frameworks",
				);
				MARKETING_VERSION = 1.0;
				PRODUCT_BUNDLE_IDENTIFIER = "Megabit-Engineering-PLC.Meninet";
				PRODUCT_NAME = "$(TARGET_NAME)";
				SWIFT_EMIT_LOC_STRINGS = YES;
				SWIFT_VERSION = 5.0;
				TARGETED_DEVICE_FAMILY = "1,2";
			};
			name = Debug;
		};
		C96E3EDD2BF6038600CBEE68 /* Release */ = {
			isa = XCBuildConfiguration;
			buildSettings = {
				ASSETCATALOG_COMPILER_APPICON_NAME = AppIcon;
				ASSETCATALOG_COMPILER_GLOBAL_ACCENT_COLOR_NAME = AccentColor;
				CODE_SIGN_STYLE = Automatic;
				CURRENT_PROJECT_VERSION = 1;
				DEVELOPMENT_ASSET_PATHS = "\"Meninet/Preview Content\"";
				DEVELOPMENT_TEAM = 696NP9FZMJ;
				ENABLE_PREVIEWS = YES;
				GENERATE_INFOPLIST_FILE = YES;
				INFOPLIST_FILE = Meninet/Info.plist;
				INFOPLIST_KEY_UIApplicationSceneManifest_Generation = YES;
				INFOPLIST_KEY_UIApplicationSupportsIndirectInputEvents = YES;
				INFOPLIST_KEY_UILaunchScreen_Generation = YES;
				INFOPLIST_KEY_UISupportedInterfaceOrientations_iPad = "UIInterfaceOrientationPortrait UIInterfaceOrientationPortraitUpsideDown UIInterfaceOrientationLandscapeLeft UIInterfaceOrientationLandscapeRight";
				INFOPLIST_KEY_UISupportedInterfaceOrientations_iPhone = "UIInterfaceOrientationPortrait UIInterfaceOrientationLandscapeLeft UIInterfaceOrientationLandscapeRight";
				LD_RUNPATH_SEARCH_PATHS = (
					"$(inherited)",
					"@executable_path/Frameworks",
				);
				MARKETING_VERSION = 1.0;
				PRODUCT_BUNDLE_IDENTIFIER = "Megabit-Engineering-PLC.Meninet";
				PRODUCT_NAME = "$(TARGET_NAME)";
				SWIFT_EMIT_LOC_STRINGS = YES;
				SWIFT_VERSION = 5.0;
				TARGETED_DEVICE_FAMILY = "1,2";
			};
			name = Release;
		};
/* End XCBuildConfiguration section */

/* Begin XCConfigurationList section */
		C96E3EC82BF6038500CBEE68 /* Build configuration list for PBXProject "Meninet" */ = {
			isa = XCConfigurationList;
			buildConfigurations = (
				C96E3ED92BF6038600CBEE68 /* Debug */,
				C96E3EDA2BF6038600CBEE68 /* Release */,
			);
			defaultConfigurationIsVisible = 0;
			defaultConfigurationName = Release;
		};
		C96E3EDB2BF6038600CBEE68 /* Build configuration list for PBXNativeTarget "Meninet" */ = {
			isa = XCConfigurationList;
			buildConfigurations = (
				C96E3EDC2BF6038600CBEE68 /* Debug */,
				C96E3EDD2BF6038600CBEE68 /* Release */,
			);
			defaultConfigurationIsVisible = 0;
			defaultConfigurationName = Release;
		};
/* End XCConfigurationList section */

/* Begin XCVersionGroup section */
		C953DCC72BF88A9800A9315A /* Meninet.xcdatamodeld */ = {
			isa = XCVersionGroup;
			children = (
				C953DCC82BF88A9800A9315A /* Meninet.xcdatamodel */,
			);
			currentVersion = C953DCC82BF88A9800A9315A /* Meninet.xcdatamodel */;
			name = Meninet.xcdatamodeld;
			path = "/Users/mardaa/myapps/Meninet/Meninet/Preview Content/Meninet.xcdatamodeld";
			sourceTree = "<group>";
			versionGroupType = wrapper.xcdatamodel;
		};
/* End XCVersionGroup section */
	};
	rootObject = C96E3EC52BF6038500CBEE68 /* Project object */;
}
